
Microsoft Visual Studio Solution File, Format Version 12.00
# Visual Studio Version 17
VisualStudioVersion = 17.10.35122.118
MinimumVisualStudioVersion = 10.0.40219.1
Project("{9A19103F-16F7-4668-BE54-9A1E7A4F7556}") = "WaveformColor", "Betterloid.WaveformColor\WaveformColor.csproj", "{18CE23F6-E2A7-4601-850B-1D6915083DD9}"
EndProject
Project("{2150E333-8FDC-42A3-9474-1A3956D46DE8}") = "Solution Items", "Solution Items", "{D5BE991F-47F8-4926-A66E-5D137AF1EC2C}"
EndProject
Project("{911E67C6-3D85-4FCE-B560-20A9C3E3FF48}") = "VOCALOID6", "VOCALOID6\VOCALOID6.exe", "{F1780B10-2576-4714-B7DC-2702C9F73223}"
	ProjectSection(DebuggerProjectSystem) = preProject
		PortSupplier = 00000000-0000-0000-0000-000000000000
		Executable = C:\Users\SeleDreams\Desktop\Betterloid.WaveformColor\VOCALOID6\VOCALOID6.exe
		RemoteMachine = DESKTOP-9MM0H1E
		StartingDirectory = C:\Users\SeleDreams\Desktop\Betterloid.WaveformColor\VOCALOID6
		Environment = Par défaut
		LaunchingEngine = 2e36f1d4-b23c-435d-ab41-18e608940038
		UseLegacyDebugEngines = No
		LaunchSQLEngine = No
		AttachLaunchAction = No
		IORedirection = Auto
	EndProjectSection
EndProject
Project("{911E67C6-3D85-4FCE-B560-20A9C3E3FF48}") = "VOCALOID5", "VOCALOID5\VOCALOID5.exe", "{42820BB9-5BB2-406D-94BD-F1378046C2EF}"
	ProjectSection(DebuggerProjectSystem) = preProject
		PortSupplier = 00000000-0000-0000-0000-000000000000
		Executable = C:\Users\SeleDreams\Desktop\Betterloid.WaveformColor\VOCALOID5\VOCALOID5.exe
		RemoteMachine = DESKTOP-9MM0H1E
		StartingDirectory = C:\Users\SeleDreams\Desktop\Betterloid.WaveformColor\VOCALOID5
		Environment = Par défaut
		LaunchingEngine = fb0d4648-f776-4980-95f8-bb7f36ebc1ee
		UseLegacyDebugEngines = No
		LaunchSQLEngine = No
		AttachLaunchAction = No
		IORedirection = Auto
	EndProjectSection
EndProject
Global
	GlobalSection(SolutionConfigurationPlatforms) = preSolution
		Debug|Any CPU = Debug|Any CPU
		Debug|x64 = Debug|x64
		Release|Any CPU = Release|Any CPU
		Release|x64 = Release|x64
	EndGlobalSection
	GlobalSection(ProjectConfigurationPlatforms) = postSolution
		{18CE23F6-E2A7-4601-850B-1D6915083DD9}.Debug|Any CPU.ActiveCfg = Debug|Any CPU
		{18CE23F6-E2A7-4601-850B-1D6915083DD9}.Debug|Any CPU.Build.0 = Debug|Any CPU
		{18CE23F6-E2A7-4601-850B-1D6915083DD9}.Debug|x64.ActiveCfg = Debug|Any CPU
		{18CE23F6-E2A7-4601-850B-1D6915083DD9}.Debug|x64.Build.0 = Debug|Any CPU
		{18CE23F6-E2A7-4601-850B-1D6915083DD9}.Release|Any CPU.ActiveCfg = Release|Any CPU
		{18CE23F6-E2A7-4601-850B-1D6915083DD9}.Release|Any CPU.Build.0 = Release|Any CPU
		{18CE23F6-E2A7-4601-850B-1D6915083DD9}.Release|x64.ActiveCfg = Release|Any CPU
		{18CE23F6-E2A7-4601-850B-1D6915083DD9}.Release|x64.Build.0 = Release|Any CPU
		{F1780B10-2576-4714-B7DC-2702C9F73223}.Debug|Any CPU.ActiveCfg = Release|x64
		{F1780B10-2576-4714-B7DC-2702C9F73223}.Debug|x64.ActiveCfg = Release|x64
		{F1780B10-2576-4714-B7DC-2702C9F73223}.Release|Any CPU.ActiveCfg = Release|x64
		{F1780B10-2576-4714-B7DC-2702C9F73223}.Release|x64.ActiveCfg = Release|x64
		{42820BB9-5BB2-406D-94BD-F1378046C2EF}.Debug|Any CPU.ActiveCfg = Release|Any CPU
		{42820BB9-5BB2-406D-94BD-F1378046C2EF}.Debug|x64.ActiveCfg = Release|Any CPU
		{42820BB9-5BB2-406D-94BD-F1378046C2EF}.Release|Any CPU.ActiveCfg = Release|Any CPU
		{42820BB9-5BB2-406D-94BD-F1378046C2EF}.Release|x64.ActiveCfg = Release|Any CPU
	EndGlobalSection
	GlobalSection(SolutionProperties) = preSolution
		HideSolutionNode = FALSE
	EndGlobalSection
	GlobalSection(ExtensibilityGlobals) = postSolution
		SolutionGuid = {DB554334-1B17-410E-9F58-EAA034DEDB47}
	EndGlobalSection
EndGlobal
